
Microsoft Visual Studio Solution File, Format Version 12.00
# Visual Studio Version 16
VisualStudioVersion = 16.0.29306.81
MinimumVisualStudioVersion = 10.0.40219.1
Project("{FAE04EC0-301F-11D3-BF4B-00C04F79EFBC}") = "AzureMessagingServiceBus", "AzureMessagingServiceBus.csproj", "{685FE235-3F7A-460E-9AD6-C6A2FA5044E2}"
EndProject
Project("{FAE04EC0-301F-11D3-BF4B-00C04F79EFBC}") = "Test", "..\Test\Test.csproj", "{0EAB6594-D3F1-4FC4-8F00-41319F22FEEB}"
EndProject
Global
	GlobalSection(SolutionConfigurationPlatforms) = preSolution
		Debug|Any CPU = Debug|Any CPU
		Release|Any CPU = Release|Any CPU
	EndGlobalSection
	GlobalSection(ProjectConfigurationPlatforms) = postSolution
		{685FE235-3F7A-460E-9AD6-C6A2FA5044E2}.Debug|Any CPU.ActiveCfg = Debug|Any CPU
		{685FE235-3F7A-460E-9AD6-C6A2FA5044E2}.Debug|Any CPU.Build.0 = Debug|Any CPU
		{685FE235-3F7A-460E-9AD6-C6A2FA5044E2}.Release|Any CPU.ActiveCfg = Release|Any CPU
		{685FE235-3F7A-460E-9AD6-C6A2FA5044E2}.Release|Any CPU.Build.0 = Release|Any CPU
		{0EAB6594-D3F1-4FC4-8F00-41319F22FEEB}.Debug|Any CPU.ActiveCfg = Debug|Any CPU
		{0EAB6594-D3F1-4FC4-8F00-41319F22FEEB}.Debug|Any CPU.Build.0 = Debug|Any CPU
		{0EAB6594-D3F1-4FC4-8F00-41319F22FEEB}.Release|Any CPU.ActiveCfg = Release|Any CPU
		{0EAB6594-D3F1-4FC4-8F00-41319F22FEEB}.Release|Any CPU.Build.0 = Release|Any CPU
	EndGlobalSection
	GlobalSection(SolutionProperties) = preSolution
		HideSolutionNode = FALSE
	EndGlobalSection
	GlobalSection(ExtensibilityGlobals) = postSolution
		SolutionGuid = {A0EA15FC-F251-423C-8424-4DA0DC0CBF49}
	EndGlobalSection
EndGlobal
